
Microsoft Visual Studio Solution File, Format Version 12.00
# Visual Studio Version 17
VisualStudioVersion = 17.13.35919.96 d17.13
MinimumVisualStudioVersion = 10.0.40219.1
Project("{FAE04EC0-301F-11D3-BF4B-00C04F79EFBC}") = "ChassisCAM.Presentation", "..\ChassisCAM.Presentation\ChassisCAM.Presentation.csproj", "{C24F963E-029C-7F0C-68F9-6A6045A5D834}"
	ProjectSection(ProjectDependencies) = postProject
		{4A55656B-5670-452B-B8C3-FFC2AFF4E8AA} = {4A55656B-5670-452B-B8C3-FFC2AFF4E8AA}
		{615798A5-85CD-3BFE-D177-315910F98B33} = {615798A5-85CD-3BFE-D177-315910F98B33}
		{6A20E3E6-87FE-00EB-B6C4-8C6BCCA07278} = {6A20E3E6-87FE-00EB-B6C4-8C6BCCA07278}
	EndProjectSection
EndProject
Project("{FAE04EC0-301F-11D3-BF4B-00C04F79EFBC}") = "ChassisCAM.Core", "..\ChassisCAM.Core\ChassisCAM.Core.csproj", "{6A20E3E6-87FE-00EB-B6C4-8C6BCCA07278}"
	ProjectSection(ProjectDependencies) = postProject
		{4A55656B-5670-452B-B8C3-FFC2AFF4E8AA} = {4A55656B-5670-452B-B8C3-FFC2AFF4E8AA}
	EndProjectSection
EndProject
Project("{FAE04EC0-301F-11D3-BF4B-00C04F79EFBC}") = "ChassisCAM.Input", "..\ChassisCAM.Input\ChassisCAM.Input.csproj", "{615798A5-85CD-3BFE-D177-315910F98B33}"
	ProjectSection(ProjectDependencies) = postProject
		{4A55656B-5670-452B-B8C3-FFC2AFF4E8AA} = {4A55656B-5670-452B-B8C3-FFC2AFF4E8AA}
		{6A20E3E6-87FE-00EB-B6C4-8C6BCCA07278} = {6A20E3E6-87FE-00EB-B6C4-8C6BCCA07278}
	EndProjectSection
EndProject
Project("{8BC9CEB8-8B4A-11D0-8D11-00A0C91BC942}") = "FChassis.NSI.Installer", "..\ChassisCAM.NSI.Installer\ChassisCAM.NSI.Installer.vcxproj", "{47F3207E-EA0E-4D48-9C98-E935F3568F59}"
	ProjectSection(ProjectDependencies) = postProject
		{615798A5-85CD-3BFE-D177-315910F98B33} = {615798A5-85CD-3BFE-D177-315910F98B33}
		{6A20E3E6-87FE-00EB-B6C4-8C6BCCA07278} = {6A20E3E6-87FE-00EB-B6C4-8C6BCCA07278}
		{C24F963E-029C-7F0C-68F9-6A6045A5D834} = {C24F963E-029C-7F0C-68F9-6A6045A5D834}
	EndProjectSection
EndProject
Project("{8BC9CEB8-8B4A-11D0-8D11-00A0C91BC942}") = "IGES", "..\IGES\IGES.vcxproj", "{4A55656B-5670-452B-B8C3-FFC2AFF4E8AA}"
EndProject
Project("{FAE04EC0-301F-11D3-BF4B-00C04F79EFBC}") = "SanityHub", "..\SanityHub\SanityHub.csproj", "{B9A18FFD-E4D1-1B79-1B86-C74BA4E8AB2F}"
EndProject
Global
	GlobalSection(SolutionConfigurationPlatforms) = preSolution
		Debug|Any CPU = Debug|Any CPU
		Debug|x64 = Debug|x64
		Debug|x86 = Debug|x86
		Release|Any CPU = Release|Any CPU
		Release|x64 = Release|x64
		Release|x86 = Release|x86
	EndGlobalSection
	GlobalSection(ProjectConfigurationPlatforms) = postSolution
		{C24F963E-029C-7F0C-68F9-6A6045A5D834}.Debug|Any CPU.ActiveCfg = Debug|Any CPU
		{C24F963E-029C-7F0C-68F9-6A6045A5D834}.Debug|Any CPU.Build.0 = Debug|Any CPU
		{C24F963E-029C-7F0C-68F9-6A6045A5D834}.Debug|x64.ActiveCfg = Debug|Any CPU
		{C24F963E-029C-7F0C-68F9-6A6045A5D834}.Debug|x64.Build.0 = Debug|Any CPU
		{C24F963E-029C-7F0C-68F9-6A6045A5D834}.Debug|x86.ActiveCfg = Debug|Any CPU
		{C24F963E-029C-7F0C-68F9-6A6045A5D834}.Debug|x86.Build.0 = Debug|Any CPU
		{C24F963E-029C-7F0C-68F9-6A6045A5D834}.Release|Any CPU.ActiveCfg = Release|Any CPU
		{C24F963E-029C-7F0C-68F9-6A6045A5D834}.Release|Any CPU.Build.0 = Release|Any CPU
		{C24F963E-029C-7F0C-68F9-6A6045A5D834}.Release|x64.ActiveCfg = Release|Any CPU
		{C24F963E-029C-7F0C-68F9-6A6045A5D834}.Release|x64.Build.0 = Release|Any CPU
		{C24F963E-029C-7F0C-68F9-6A6045A5D834}.Release|x86.ActiveCfg = Release|Any CPU
		{C24F963E-029C-7F0C-68F9-6A6045A5D834}.Release|x86.Build.0 = Release|Any CPU
		{6A20E3E6-87FE-00EB-B6C4-8C6BCCA07278}.Debug|Any CPU.ActiveCfg = Debug|Any CPU
		{6A20E3E6-87FE-00EB-B6C4-8C6BCCA07278}.Debug|Any CPU.Build.0 = Debug|Any CPU
		{6A20E3E6-87FE-00EB-B6C4-8C6BCCA07278}.Debug|x64.ActiveCfg = Debug|x64
		{6A20E3E6-87FE-00EB-B6C4-8C6BCCA07278}.Debug|x64.Build.0 = Debug|x64
		{6A20E3E6-87FE-00EB-B6C4-8C6BCCA07278}.Debug|x86.ActiveCfg = Debug|Any CPU
		{6A20E3E6-87FE-00EB-B6C4-8C6BCCA07278}.Debug|x86.Build.0 = Debug|Any CPU
		{6A20E3E6-87FE-00EB-B6C4-8C6BCCA07278}.Release|Any CPU.ActiveCfg = Release|Any CPU
		{6A20E3E6-87FE-00EB-B6C4-8C6BCCA07278}.Release|Any CPU.Build.0 = Release|Any CPU
		{6A20E3E6-87FE-00EB-B6C4-8C6BCCA07278}.Release|x64.ActiveCfg = Release|x64
		{6A20E3E6-87FE-00EB-B6C4-8C6BCCA07278}.Release|x64.Build.0 = Release|x64
		{6A20E3E6-87FE-00EB-B6C4-8C6BCCA07278}.Release|x86.ActiveCfg = Release|Any CPU
		{6A20E3E6-87FE-00EB-B6C4-8C6BCCA07278}.Release|x86.Build.0 = Release|Any CPU
		{615798A5-85CD-3BFE-D177-315910F98B33}.Debug|Any CPU.ActiveCfg = Debug|Any CPU
		{615798A5-85CD-3BFE-D177-315910F98B33}.Debug|Any CPU.Build.0 = Debug|Any CPU
		{615798A5-85CD-3BFE-D177-315910F98B33}.Debug|x64.ActiveCfg = Debug|x64
		{615798A5-85CD-3BFE-D177-315910F98B33}.Debug|x64.Build.0 = Debug|x64
		{615798A5-85CD-3BFE-D177-315910F98B33}.Debug|x86.ActiveCfg = Debug|Any CPU
		{615798A5-85CD-3BFE-D177-315910F98B33}.Debug|x86.Build.0 = Debug|Any CPU
		{615798A5-85CD-3BFE-D177-315910F98B33}.Release|Any CPU.ActiveCfg = Release|Any CPU
		{615798A5-85CD-3BFE-D177-315910F98B33}.Release|Any CPU.Build.0 = Release|Any CPU
		{615798A5-85CD-3BFE-D177-315910F98B33}.Release|x64.ActiveCfg = Release|x64
		{615798A5-85CD-3BFE-D177-315910F98B33}.Release|x64.Build.0 = Release|x64
		{615798A5-85CD-3BFE-D177-315910F98B33}.Release|x86.ActiveCfg = Release|Any CPU
		{615798A5-85CD-3BFE-D177-315910F98B33}.Release|x86.Build.0 = Release|Any CPU
		{47F3207E-EA0E-4D48-9C98-E935F3568F59}.Debug|Any CPU.ActiveCfg = Debug|x64
		{47F3207E-EA0E-4D48-9C98-E935F3568F59}.Debug|Any CPU.Build.0 = Debug|x64
		{47F3207E-EA0E-4D48-9C98-E935F3568F59}.Debug|x64.ActiveCfg = Debug|x64
		{47F3207E-EA0E-4D48-9C98-E935F3568F59}.Debug|x64.Build.0 = Debug|x64
		{47F3207E-EA0E-4D48-9C98-E935F3568F59}.Debug|x86.ActiveCfg = Debug|Win32
		{47F3207E-EA0E-4D48-9C98-E935F3568F59}.Debug|x86.Build.0 = Debug|Win32
		{47F3207E-EA0E-4D48-9C98-E935F3568F59}.Release|Any CPU.ActiveCfg = Release|x64
		{47F3207E-EA0E-4D48-9C98-E935F3568F59}.Release|Any CPU.Build.0 = Release|x64
		{47F3207E-EA0E-4D48-9C98-E935F3568F59}.Release|x64.ActiveCfg = Release|x64
		{47F3207E-EA0E-4D48-9C98-E935F3568F59}.Release|x64.Build.0 = Release|x64
		{47F3207E-EA0E-4D48-9C98-E935F3568F59}.Release|x86.ActiveCfg = Release|Win32
		{47F3207E-EA0E-4D48-9C98-E935F3568F59}.Release|x86.Build.0 = Release|Win32
		{4A55656B-5670-452B-B8C3-FFC2AFF4E8AA}.Debug|Any CPU.ActiveCfg = Debug|x64
		{4A55656B-5670-452B-B8C3-FFC2AFF4E8AA}.Debug|Any CPU.Build.0 = Debug|x64
		{4A55656B-5670-452B-B8C3-FFC2AFF4E8AA}.Debug|x64.ActiveCfg = Debug|x64
		{4A55656B-5670-452B-B8C3-FFC2AFF4E8AA}.Debug|x64.Build.0 = Debug|x64
		{4A55656B-5670-452B-B8C3-FFC2AFF4E8AA}.Debug|x86.ActiveCfg = Debug|Win32
		{4A55656B-5670-452B-B8C3-FFC2AFF4E8AA}.Debug|x86.Build.0 = Debug|Win32
		{4A55656B-5670-452B-B8C3-FFC2AFF4E8AA}.Release|Any CPU.ActiveCfg = Release|x64
		{4A55656B-5670-452B-B8C3-FFC2AFF4E8AA}.Release|Any CPU.Build.0 = Release|x64
		{4A55656B-5670-452B-B8C3-FFC2AFF4E8AA}.Release|x64.ActiveCfg = Release|x64
		{4A55656B-5670-452B-B8C3-FFC2AFF4E8AA}.Release|x64.Build.0 = Release|x64
		{4A55656B-5670-452B-B8C3-FFC2AFF4E8AA}.Release|x86.ActiveCfg = Release|Win32
		{4A55656B-5670-452B-B8C3-FFC2AFF4E8AA}.Release|x86.Build.0 = Release|Win32
		{B9A18FFD-E4D1-1B79-1B86-C74BA4E8AB2F}.Debug|Any CPU.ActiveCfg = Debug|Any CPU
		{B9A18FFD-E4D1-1B79-1B86-C74BA4E8AB2F}.Debug|Any CPU.Build.0 = Debug|Any CPU
		{B9A18FFD-E4D1-1B79-1B86-C74BA4E8AB2F}.Debug|x64.ActiveCfg = Debug|Any CPU
		{B9A18FFD-E4D1-1B79-1B86-C74BA4E8AB2F}.Debug|x64.Build.0 = Debug|Any CPU
		{B9A18FFD-E4D1-1B79-1B86-C74BA4E8AB2F}.Debug|x86.ActiveCfg = Debug|Any CPU
		{B9A18FFD-E4D1-1B79-1B86-C74BA4E8AB2F}.Debug|x86.Build.0 = Debug|Any CPU
		{B9A18FFD-E4D1-1B79-1B86-C74BA4E8AB2F}.Release|Any CPU.ActiveCfg = Release|Any CPU
		{B9A18FFD-E4D1-1B79-1B86-C74BA4E8AB2F}.Release|Any CPU.Build.0 = Release|Any CPU
		{B9A18FFD-E4D1-1B79-1B86-C74BA4E8AB2F}.Release|x64.ActiveCfg = Release|Any CPU
		{B9A18FFD-E4D1-1B79-1B86-C74BA4E8AB2F}.Release|x64.Build.0 = Release|Any CPU
		{B9A18FFD-E4D1-1B79-1B86-C74BA4E8AB2F}.Release|x86.ActiveCfg = Release|Any CPU
		{B9A18FFD-E4D1-1B79-1B86-C74BA4E8AB2F}.Release|x86.Build.0 = Release|Any CPU
	EndGlobalSection
	GlobalSection(SolutionProperties) = preSolution
		HideSolutionNode = FALSE
	EndGlobalSection
	GlobalSection(ExtensibilityGlobals) = postSolution
		SolutionGuid = {BF8F5C6D-54D1-4232-A1C6-226159C5627D}
	EndGlobalSection
EndGlobal
