
Microsoft Visual Studio Solution File, Format Version 12.00
# Visual Studio Version 17
VisualStudioVersion = 17.13.35919.96 d17.13
MinimumVisualStudioVersion = 10.0.40219.1
Project("{FAE04EC0-301F-11D3-BF4B-00C04F79EFBC}") = "ProfileCAM.Presentation", "..\ProfileCAM.Presentation\ProfileCAM.Presentation.csproj", "{FE511ED5-D162-2FC4-4C43-5FE7E6E8F25F}"
	ProjectSection(ProjectDependencies) = postProject
		{07890A67-4F4B-71EB-C35D-0760563CFE5D} = {07890A67-4F4B-71EB-C35D-0760563CFE5D}
		{4A55656B-5670-452B-B8C3-FFC2AFF4E8AA} = {4A55656B-5670-452B-B8C3-FFC2AFF4E8AA}
		{9069144D-E575-432B-9F27-FB6FD807CB15} = {9069144D-E575-432B-9F27-FB6FD807CB15}
	EndProjectSection
EndProject
Project("{FAE04EC0-301F-11D3-BF4B-00C04F79EFBC}") = "ProfileCAM.Core", "..\ProfileCAM.Core\ProfileCAM.Core.csproj", "{9069144D-E575-432B-9F27-FB6FD807CB15}"
	ProjectSection(ProjectDependencies) = postProject
		{4A55656B-5670-452B-B8C3-FFC2AFF4E8AA} = {4A55656B-5670-452B-B8C3-FFC2AFF4E8AA}
	EndProjectSection
EndProject
Project("{FAE04EC0-301F-11D3-BF4B-00C04F79EFBC}") = "ProfileCAM.Input", "..\ProfileCAM.Input\ProfileCAM.Input.csproj", "{07890A67-4F4B-71EB-C35D-0760563CFE5D}"
	ProjectSection(ProjectDependencies) = postProject
		{4A55656B-5670-452B-B8C3-FFC2AFF4E8AA} = {4A55656B-5670-452B-B8C3-FFC2AFF4E8AA}
		{9069144D-E575-432B-9F27-FB6FD807CB15} = {9069144D-E575-432B-9F27-FB6FD807CB15}
	EndProjectSection
EndProject
Project("{8BC9CEB8-8B4A-11D0-8D11-00A0C91BC942}") = "Profile.NSI.Installer", "..\ProfileCAM.NSI.Installer\ChassisCAM.NSI.Installer.vcxproj", "{47F3207E-EA0E-4D48-9C98-E935F3568F59}"
	ProjectSection(ProjectDependencies) = postProject
		{07890A67-4F4B-71EB-C35D-0760563CFE5D} = {07890A67-4F4B-71EB-C35D-0760563CFE5D}
		{4A55656B-5670-452B-B8C3-FFC2AFF4E8AA} = {4A55656B-5670-452B-B8C3-FFC2AFF4E8AA}
		{9069144D-E575-432B-9F27-FB6FD807CB15} = {9069144D-E575-432B-9F27-FB6FD807CB15}
		{FE511ED5-D162-2FC4-4C43-5FE7E6E8F25F} = {FE511ED5-D162-2FC4-4C43-5FE7E6E8F25F}
	EndProjectSection
EndProject
Project("{FAE04EC0-301F-11D3-BF4B-00C04F79EFBC}") = "SanityHub", "..\SanityHub\SanityHub.csproj", "{B9A18FFD-E4D1-1B79-1B86-C74BA4E8AB2F}"
EndProject
Project("{8BC9CEB8-8B4A-11D0-8D11-00A0C91BC942}") = "IGES", "..\IGES\IGES.vcxproj", "{4A55656B-5670-452B-B8C3-FFC2AFF4E8AA}"
EndProject
Global
	GlobalSection(SolutionConfigurationPlatforms) = preSolution
		Debug|Any CPU = Debug|Any CPU
		Debug|x64 = Debug|x64
		Debug|x86 = Debug|x86
		Release|Any CPU = Release|Any CPU
		Release|x64 = Release|x64
		Release|x86 = Release|x86
	EndGlobalSection
	GlobalSection(ProjectConfigurationPlatforms) = postSolution
		{FE511ED5-D162-2FC4-4C43-5FE7E6E8F25F}.Debug|Any CPU.ActiveCfg = Debug|x64
		{FE511ED5-D162-2FC4-4C43-5FE7E6E8F25F}.Debug|Any CPU.Build.0 = Debug|x64
		{FE511ED5-D162-2FC4-4C43-5FE7E6E8F25F}.Debug|x64.ActiveCfg = Debug|x64
		{FE511ED5-D162-2FC4-4C43-5FE7E6E8F25F}.Debug|x64.Build.0 = Debug|x64
		{FE511ED5-D162-2FC4-4C43-5FE7E6E8F25F}.Debug|x86.ActiveCfg = Debug|Any CPU
		{FE511ED5-D162-2FC4-4C43-5FE7E6E8F25F}.Debug|x86.Build.0 = Debug|Any CPU
		{FE511ED5-D162-2FC4-4C43-5FE7E6E8F25F}.Release|Any CPU.ActiveCfg = Release|Any CPU
		{FE511ED5-D162-2FC4-4C43-5FE7E6E8F25F}.Release|Any CPU.Build.0 = Release|Any CPU
		{FE511ED5-D162-2FC4-4C43-5FE7E6E8F25F}.Release|x64.ActiveCfg = Release|x64
		{FE511ED5-D162-2FC4-4C43-5FE7E6E8F25F}.Release|x64.Build.0 = Release|x64
		{FE511ED5-D162-2FC4-4C43-5FE7E6E8F25F}.Release|x86.ActiveCfg = Release|Any CPU
		{FE511ED5-D162-2FC4-4C43-5FE7E6E8F25F}.Release|x86.Build.0 = Release|Any CPU
		{9069144D-E575-432B-9F27-FB6FD807CB15}.Debug|Any CPU.ActiveCfg = Debug|x64
		{9069144D-E575-432B-9F27-FB6FD807CB15}.Debug|Any CPU.Build.0 = Debug|x64
		{9069144D-E575-432B-9F27-FB6FD807CB15}.Debug|x64.ActiveCfg = Debug|x64
		{9069144D-E575-432B-9F27-FB6FD807CB15}.Debug|x64.Build.0 = Debug|x64
		{9069144D-E575-432B-9F27-FB6FD807CB15}.Debug|x86.ActiveCfg = Debug|Any CPU
		{9069144D-E575-432B-9F27-FB6FD807CB15}.Debug|x86.Build.0 = Debug|Any CPU
		{9069144D-E575-432B-9F27-FB6FD807CB15}.Release|Any CPU.ActiveCfg = Release|Any CPU
		{9069144D-E575-432B-9F27-FB6FD807CB15}.Release|Any CPU.Build.0 = Release|Any CPU
		{9069144D-E575-432B-9F27-FB6FD807CB15}.Release|x64.ActiveCfg = Release|x64
		{9069144D-E575-432B-9F27-FB6FD807CB15}.Release|x64.Build.0 = Release|x64
		{9069144D-E575-432B-9F27-FB6FD807CB15}.Release|x86.ActiveCfg = Release|Any CPU
		{9069144D-E575-432B-9F27-FB6FD807CB15}.Release|x86.Build.0 = Release|Any CPU
		{07890A67-4F4B-71EB-C35D-0760563CFE5D}.Debug|Any CPU.ActiveCfg = Debug|x64
		{07890A67-4F4B-71EB-C35D-0760563CFE5D}.Debug|Any CPU.Build.0 = Debug|x64
		{07890A67-4F4B-71EB-C35D-0760563CFE5D}.Debug|x64.ActiveCfg = Debug|x64
		{07890A67-4F4B-71EB-C35D-0760563CFE5D}.Debug|x64.Build.0 = Debug|x64
		{07890A67-4F4B-71EB-C35D-0760563CFE5D}.Debug|x86.ActiveCfg = Debug|Any CPU
		{07890A67-4F4B-71EB-C35D-0760563CFE5D}.Debug|x86.Build.0 = Debug|Any CPU
		{07890A67-4F4B-71EB-C35D-0760563CFE5D}.Release|Any CPU.ActiveCfg = Release|Any CPU
		{07890A67-4F4B-71EB-C35D-0760563CFE5D}.Release|Any CPU.Build.0 = Release|Any CPU
		{07890A67-4F4B-71EB-C35D-0760563CFE5D}.Release|x64.ActiveCfg = Release|x64
		{07890A67-4F4B-71EB-C35D-0760563CFE5D}.Release|x64.Build.0 = Release|x64
		{07890A67-4F4B-71EB-C35D-0760563CFE5D}.Release|x86.ActiveCfg = Release|Any CPU
		{07890A67-4F4B-71EB-C35D-0760563CFE5D}.Release|x86.Build.0 = Release|Any CPU
		{47F3207E-EA0E-4D48-9C98-E935F3568F59}.Debug|Any CPU.ActiveCfg = Debug|x64
		{47F3207E-EA0E-4D48-9C98-E935F3568F59}.Debug|Any CPU.Build.0 = Debug|x64
		{47F3207E-EA0E-4D48-9C98-E935F3568F59}.Debug|x64.ActiveCfg = Debug|x64
		{47F3207E-EA0E-4D48-9C98-E935F3568F59}.Debug|x64.Build.0 = Debug|x64
		{47F3207E-EA0E-4D48-9C98-E935F3568F59}.Debug|x86.ActiveCfg = Debug|Win32
		{47F3207E-EA0E-4D48-9C98-E935F3568F59}.Debug|x86.Build.0 = Debug|Win32
		{47F3207E-EA0E-4D48-9C98-E935F3568F59}.Release|Any CPU.ActiveCfg = Release|x64
		{47F3207E-EA0E-4D48-9C98-E935F3568F59}.Release|Any CPU.Build.0 = Release|x64
		{47F3207E-EA0E-4D48-9C98-E935F3568F59}.Release|x64.ActiveCfg = Release|x64
		{47F3207E-EA0E-4D48-9C98-E935F3568F59}.Release|x64.Build.0 = Release|x64
		{47F3207E-EA0E-4D48-9C98-E935F3568F59}.Release|x86.ActiveCfg = Release|Win32
		{47F3207E-EA0E-4D48-9C98-E935F3568F59}.Release|x86.Build.0 = Release|Win32
		{B9A18FFD-E4D1-1B79-1B86-C74BA4E8AB2F}.Debug|Any CPU.ActiveCfg = Debug|Any CPU
		{B9A18FFD-E4D1-1B79-1B86-C74BA4E8AB2F}.Debug|Any CPU.Build.0 = Debug|Any CPU
		{B9A18FFD-E4D1-1B79-1B86-C74BA4E8AB2F}.Debug|x64.ActiveCfg = Debug|Any CPU
		{B9A18FFD-E4D1-1B79-1B86-C74BA4E8AB2F}.Debug|x64.Build.0 = Debug|Any CPU
		{B9A18FFD-E4D1-1B79-1B86-C74BA4E8AB2F}.Debug|x86.ActiveCfg = Debug|Any CPU
		{B9A18FFD-E4D1-1B79-1B86-C74BA4E8AB2F}.Debug|x86.Build.0 = Debug|Any CPU
		{B9A18FFD-E4D1-1B79-1B86-C74BA4E8AB2F}.Release|Any CPU.ActiveCfg = Release|Any CPU
		{B9A18FFD-E4D1-1B79-1B86-C74BA4E8AB2F}.Release|Any CPU.Build.0 = Release|Any CPU
		{B9A18FFD-E4D1-1B79-1B86-C74BA4E8AB2F}.Release|x64.ActiveCfg = Release|Any CPU
		{B9A18FFD-E4D1-1B79-1B86-C74BA4E8AB2F}.Release|x64.Build.0 = Release|Any CPU
		{B9A18FFD-E4D1-1B79-1B86-C74BA4E8AB2F}.Release|x86.ActiveCfg = Release|Any CPU
		{B9A18FFD-E4D1-1B79-1B86-C74BA4E8AB2F}.Release|x86.Build.0 = Release|Any CPU
		{4A55656B-5670-452B-B8C3-FFC2AFF4E8AA}.Debug|Any CPU.ActiveCfg = Debug|x64
		{4A55656B-5670-452B-B8C3-FFC2AFF4E8AA}.Debug|Any CPU.Build.0 = Debug|x64
		{4A55656B-5670-452B-B8C3-FFC2AFF4E8AA}.Debug|x64.ActiveCfg = Debug|x64
		{4A55656B-5670-452B-B8C3-FFC2AFF4E8AA}.Debug|x64.Build.0 = Debug|x64
		{4A55656B-5670-452B-B8C3-FFC2AFF4E8AA}.Debug|x86.ActiveCfg = Debug|Win32
		{4A55656B-5670-452B-B8C3-FFC2AFF4E8AA}.Debug|x86.Build.0 = Debug|Win32
		{4A55656B-5670-452B-B8C3-FFC2AFF4E8AA}.Release|Any CPU.ActiveCfg = Release|x64
		{4A55656B-5670-452B-B8C3-FFC2AFF4E8AA}.Release|Any CPU.Build.0 = Release|x64
		{4A55656B-5670-452B-B8C3-FFC2AFF4E8AA}.Release|x64.ActiveCfg = Release|x64
		{4A55656B-5670-452B-B8C3-FFC2AFF4E8AA}.Release|x64.Build.0 = Release|x64
		{4A55656B-5670-452B-B8C3-FFC2AFF4E8AA}.Release|x86.ActiveCfg = Release|Win32
		{4A55656B-5670-452B-B8C3-FFC2AFF4E8AA}.Release|x86.Build.0 = Release|Win32
	EndGlobalSection
	GlobalSection(SolutionProperties) = preSolution
		HideSolutionNode = FALSE
	EndGlobalSection
	GlobalSection(ExtensibilityGlobals) = postSolution
		SolutionGuid = {ACF33BCB-3A96-47A9-9FE9-61A71DDC579C}
	EndGlobalSection
EndGlobal
